<?xml version="1.0" encoding="UTF-8" standalone="yes" ?>
<CodeBlocks_project_file>
	<FileVersion major="1" minor="6" />
	<Project>
		<Option title="Boubles3" />
		<Option pch_mode="2" />
		<Option compiler="gcc" />
		<Build>
			<Target title="Debug">
				<Option output="bin/Debug/Boubles3" prefix_auto="1" extension_auto="1" />
				<Option object_output="obj/Debug/" />
				<Option type="1" />
				<Option compiler="gcc" />
				<Compiler>
					<Add option="-g" />
				</Compiler>
			</Target>
			<Target title="Release">
				<Option output="bin/Release/Boubles3" prefix_auto="1" extension_auto="1" />
				<Option object_output="obj/Release/" />
				<Option type="1" />
				<Option compiler="gcc" />
				<Compiler>
					<Add option="-O2" />
				</Compiler>
				<Linker>
					<Add option="-s" />
				</Linker>
			</Target>
		</Build>
		<Compiler>
			<Add option="-Wall" />
		</Compiler>
		<Unit filename="boubles_main2.c">
			<Option compilerVar="CC" />
		</Unit>
		<Unit filename="close.c">
			<Option compilerVar="CC" />
		</Unit>
		<Unit filename="close.h" />
		<Unit filename="collisionHandler.c">
			<Option compilerVar="CC" />
		</Unit>
		<Unit filename="collisionHandler.h" />
		<Unit filename="dropFunction.c">
			<Option compilerVar="CC" />
		</Unit>
		<Unit filename="dropFunction.h" />
		<Unit filename="initFunctions.c">
			<Option compilerVar="CC" />
		</Unit>
		<Unit filename="initFunctions.h" />
		<Unit filename="jump.c">
			<Option compilerVar="CC" />
		</Unit>
		<Unit filename="jump.h" />
		<Unit filename="keyInput2.c">
			<Option compilerVar="CC" />
		</Unit>
		<Unit filename="keyInput2.h" />
		<Unit filename="main.h" />
		<Unit filename="screenUpdater.c">
			<Option compilerVar="CC" />
		</Unit>
		<Unit filename="screenUpdater.h" />
		<Unit filename="shoot.c">
			<Option compilerVar="CC" />
		</Unit>
		<Unit filename="shoot.h" />
		<Unit filename="tcp_socket.c">
			<Option compilerVar="CC" />
		</Unit>
		<Unit filename="tcp_socket.h" />
		<Extensions>
			<code_completion />
			<envvars />
			<debugger />
		</Extensions>
	</Project>
</CodeBlocks_project_file>
