// !$*UTF8*$!
{
	archiveVersion = 1;
	classes = {
	};
	objectVersion = 46;
	objects = {

/* Begin PBXBuildFile section */
		3524E71F1AE118EE00D51436 /* SDL2_image.framework in Frameworks */ = {isa = PBXBuildFile; fileRef = 3524E71B1AE118EE00D51436 /* SDL2_image.framework */; };
		3524E7201AE118EE00D51436 /* SDL2_mixer.framework in Frameworks */ = {isa = PBXBuildFile; fileRef = 3524E71C1AE118EE00D51436 /* SDL2_mixer.framework */; };
		3524E7211AE118EE00D51436 /* SDL2_net.framework in Frameworks */ = {isa = PBXBuildFile; fileRef = 3524E71D1AE118EE00D51436 /* SDL2_net.framework */; };
		3524E7221AE118EE00D51436 /* SDL2.framework in Frameworks */ = {isa = PBXBuildFile; fileRef = 3524E71E1AE118EE00D51436 /* SDL2.framework */; };
		35E0D8721AE11C97009FB032 /* main.c in Sources */ = {isa = PBXBuildFile; fileRef = 35E0D8701AE11C97009FB032 /* main.c */; };
/* End PBXBuildFile section */

/* Begin PBXCopyFilesBuildPhase section */
		3524E70D1AE1188E00D51436 /* CopyFiles */ = {
			isa = PBXCopyFilesBuildPhase;
			buildActionMask = 2147483647;
			dstPath = usr/share/man/man1;
			dstSubfolderSpec = 16;
			files = (
			);
			runOnlyForDeploymentPostprocessing = 1;
		};
/* End PBXCopyFilesBuildPhase section */

/* Begin PBXFileReference section */
		3524E70F1AE1188E00D51436 /* Projekt-grupp4 */ = {isa = PBXFileReference; explicitFileType = "compiled.mach-o.executable"; includeInIndex = 0; path = "Projekt-grupp4"; sourceTree = BUILT_PRODUCTS_DIR; };
		3524E71B1AE118EE00D51436 /* SDL2_image.framework */ = {isa = PBXFileReference; lastKnownFileType = wrapper.framework; name = SDL2_image.framework; path = ../../../../../../../../Library/Frameworks/SDL2_image.framework; sourceTree = "<group>"; };
		3524E71C1AE118EE00D51436 /* SDL2_mixer.framework */ = {isa = PBXFileReference; lastKnownFileType = wrapper.framework; name = SDL2_mixer.framework; path = ../../../../../../../../Library/Frameworks/SDL2_mixer.framework; sourceTree = "<group>"; };
		3524E71D1AE118EE00D51436 /* SDL2_net.framework */ = {isa = PBXFileReference; lastKnownFileType = wrapper.framework; name = SDL2_net.framework; path = ../../../../../../../../Library/Frameworks/SDL2_net.framework; sourceTree = "<group>"; };
		3524E71E1AE118EE00D51436 /* SDL2.framework */ = {isa = PBXFileReference; lastKnownFileType = wrapper.framework; name = SDL2.framework; path = ../../../../../../../../Library/Frameworks/SDL2.framework; sourceTree = "<group>"; };
		35E0D8701AE11C97009FB032 /* main.c */ = {isa = PBXFileReference; fileEncoding = 4; lastKnownFileType = sourcecode.c.c; name = main.c; path = ../main.c; sourceTree = "<group>"; };
		35E0D8711AE11C97009FB032 /* main.h */ = {isa = PBXFileReference; fileEncoding = 4; lastKnownFileType = sourcecode.c.h; name = main.h; path = ../main.h; sourceTree = "<group>"; };
/* End PBXFileReference section */

/* Begin PBXFrameworksBuildPhase section */
		3524E70C1AE1188E00D51436 /* Frameworks */ = {
			isa = PBXFrameworksBuildPhase;
			buildActionMask = 2147483647;
			files = (
				3524E71F1AE118EE00D51436 /* SDL2_image.framework in Frameworks */,
				3524E7201AE118EE00D51436 /* SDL2_mixer.framework in Frameworks */,
				3524E7211AE118EE00D51436 /* SDL2_net.framework in Frameworks */,
				3524E7221AE118EE00D51436 /* SDL2.framework in Frameworks */,
			);
			runOnlyForDeploymentPostprocessing = 0;
		};
/* End PBXFrameworksBuildPhase section */

/* Begin PBXGroup section */
		3524E7061AE1188E00D51436 = {
			isa = PBXGroup;
			children = (
				35E0D8701AE11C97009FB032 /* main.c */,
				35E0D8711AE11C97009FB032 /* main.h */,
				3524E71B1AE118EE00D51436 /* SDL2_image.framework */,
				3524E71C1AE118EE00D51436 /* SDL2_mixer.framework */,
				3524E71D1AE118EE00D51436 /* SDL2_net.framework */,
				3524E71E1AE118EE00D51436 /* SDL2.framework */,
				3524E7101AE1188E00D51436 /* Products */,
			);
			sourceTree = "<group>";
		};
		3524E7101AE1188E00D51436 /* Products */ = {
			isa = PBXGroup;
			children = (
				3524E70F1AE1188E00D51436 /* Projekt-grupp4 */,
			);
			name = Products;
			sourceTree = "<group>";
		};
/* End PBXGroup section */

/* Begin PBXNativeTarget section */
		3524E70E1AE1188E00D51436 /* Projekt-grupp4 */ = {
			isa = PBXNativeTarget;
			buildConfigurationList = 3524E7161AE1188E00D51436 /* Build configuration list for PBXNativeTarget "Projekt-grupp4" */;
			buildPhases = (
				3524E70B1AE1188E00D51436 /* Sources */,
				3524E70C1AE1188E00D51436 /* Frameworks */,
				3524E70D1AE1188E00D51436 /* CopyFiles */,
			);
			buildRules = (
			);
			dependencies = (
			);
			name = "Projekt-grupp4";
			productName = "Projekt-grupp4";
			productReference = 3524E70F1AE1188E00D51436 /* Projekt-grupp4 */;
			productType = "com.apple.product-type.tool";
		};
/* End PBXNativeTarget section */

/* Begin PBXProject section */
		3524E7071AE1188E00D51436 /* Project object */ = {
			isa = PBXProject;
			attributes = {
				LastUpgradeCheck = 0630;
				ORGANIZATIONNAME = "Nicklas Lindgren";
				TargetAttributes = {
					3524E70E1AE1188E00D51436 = {
						CreatedOnToolsVersion = 6.3;
					};
				};
			};
			buildConfigurationList = 3524E70A1AE1188E00D51436 /* Build configuration list for PBXProject "Projekt-grupp4" */;
			compatibilityVersion = "Xcode 3.2";
			developmentRegion = English;
			hasScannedForEncodings = 0;
			knownRegions = (
				en,
			);
			mainGroup = 3524E7061AE1188E00D51436;
			productRefGroup = 3524E7101AE1188E00D51436 /* Products */;
			projectDirPath = "";
			projectRoot = "";
			targets = (
				3524E70E1AE1188E00D51436 /* Projekt-grupp4 */,
			);
		};
/* End PBXProject section */

/* Begin PBXSourcesBuildPhase section */
		3524E70B1AE1188E00D51436 /* Sources */ = {
			isa = PBXSourcesBuildPhase;
			buildActionMask = 2147483647;
			files = (
				35E0D8721AE11C97009FB032 /* main.c in Sources */,
			);
			runOnlyForDeploymentPostprocessing = 0;
		};
/* End PBXSourcesBuildPhase section */

/* Begin XCBuildConfiguration section */
		3524E7141AE1188E00D51436 /* Debug */ = {
			isa = XCBuildConfiguration;
			buildSettings = {
				ALWAYS_SEARCH_USER_PATHS = NO;
				CLANG_CXX_LANGUAGE_STANDARD = "gnu++0x";
				CLANG_CXX_LIBRARY = "libc++";
				CLANG_ENABLE_MODULES = YES;
				CLANG_ENABLE_OBJC_ARC = YES;
				CLANG_WARN_BOOL_CONVERSION = YES;
				CLANG_WARN_CONSTANT_CONVERSION = YES;
				CLANG_WARN_DIRECT_OBJC_ISA_USAGE = YES_ERROR;
				CLANG_WARN_EMPTY_BODY = YES;
				CLANG_WARN_ENUM_CONVERSION = YES;
				CLANG_WARN_INT_CONVERSION = YES;
				CLANG_WARN_OBJC_ROOT_CLASS = YES_ERROR;
				CLANG_WARN_UNREACHABLE_CODE = YES;
				CLANG_WARN__DUPLICATE_METHOD_MATCH = YES;
				COPY_PHASE_STRIP = NO;
				DEBUG_INFORMATION_FORMAT = dwarf;
				ENABLE_STRICT_OBJC_MSGSEND = YES;
				GCC_C_LANGUAGE_STANDARD = gnu99;
				GCC_DYNAMIC_NO_PIC = NO;
				GCC_NO_COMMON_BLOCKS = YES;
				GCC_OPTIMIZATION_LEVEL = 0;
				GCC_PREPROCESSOR_DEFINITIONS = (
					"DEBUG=1",
					"$(inherited)",
				);
				GCC_SYMBOLS_PRIVATE_EXTERN = NO;
				GCC_WARN_64_TO_32_BIT_CONVERSION = YES;
				GCC_WARN_ABOUT_RETURN_TYPE = YES_ERROR;
				GCC_WARN_UNDECLARED_SELECTOR = YES;
				GCC_WARN_UNINITIALIZED_AUTOS = YES_AGGRESSIVE;
				GCC_WARN_UNUSED_FUNCTION = YES;
				GCC_WARN_UNUSED_VARIABLE = YES;
				MACOSX_DEPLOYMENT_TARGET = 10.10;
				MTL_ENABLE_DEBUG_INFO = YES;
				ONLY_ACTIVE_ARCH = YES;
				SDKROOT = macosx;
			};
			name = Debug;
		};
		3524E7151AE1188E00D51436 /* Release */ = {
			isa = XCBuildConfiguration;
			buildSettings = {
				ALWAYS_SEARCH_USER_PATHS = NO;
				CLANG_CXX_LANGUAGE_STANDARD = "gnu++0x";
				CLANG_CXX_LIBRARY = "libc++";
				CLANG_ENABLE_MODULES = YES;
				CLANG_ENABLE_OBJC_ARC = YES;
				CLANG_WARN_BOOL_CONVERSION = YES;
				CLANG_WARN_CONSTANT_CONVERSION = YES;
				CLANG_WARN_DIRECT_OBJC_ISA_USAGE = YES_ERROR;
				CLANG_WARN_EMPTY_BODY = YES;
				CLANG_WARN_ENUM_CONVERSION = YES;
				CLANG_WARN_INT_CONVERSION = YES;
				CLANG_WARN_OBJC_ROOT_CLASS = YES_ERROR;
				CLANG_WARN_UNREACHABLE_CODE = YES;
				CLANG_WARN__DUPLICATE_METHOD_MATCH = YES;
				COPY_PHASE_STRIP = NO;
				DEBUG_INFORMATION_FORMAT = "dwarf-with-dsym";
				ENABLE_NS_ASSERTIONS = NO;
				ENABLE_STRICT_OBJC_MSGSEND = YES;
				GCC_C_LANGUAGE_STANDARD = gnu99;
				GCC_NO_COMMON_BLOCKS = YES;
				GCC_WARN_64_TO_32_BIT_CONVERSION = YES;
				GCC_WARN_ABOUT_RETURN_TYPE = YES_ERROR;
				GCC_WARN_UNDECLARED_SELECTOR = YES;
				GCC_WARN_UNINITIALIZED_AUTOS = YES_AGGRESSIVE;
				GCC_WARN_UNUSED_FUNCTION = YES;
				GCC_WARN_UNUSED_VARIABLE = YES;
				MACOSX_DEPLOYMENT_TARGET = 10.10;
				MTL_ENABLE_DEBUG_INFO = NO;
				SDKROOT = macosx;
			};
			name = Release;
		};
		3524E7171AE1188E00D51436 /* Debug */ = {
			isa = XCBuildConfiguration;
			buildSettings = {
				FRAMEWORK_SEARCH_PATHS = (
					"$(inherited)",
					"$(LOCAL_LIBRARY_DIR)/Frameworks",
				);
				PRODUCT_NAME = "$(TARGET_NAME)";
			};
			name = Debug;
		};
		3524E7181AE1188E00D51436 /* Release */ = {
			isa = XCBuildConfiguration;
			buildSettings = {
				FRAMEWORK_SEARCH_PATHS = (
					"$(inherited)",
					"$(LOCAL_LIBRARY_DIR)/Frameworks",
				);
				PRODUCT_NAME = "$(TARGET_NAME)";
			};
			name = Release;
		};
/* End XCBuildConfiguration section */

/* Begin XCConfigurationList section */
		3524E70A1AE1188E00D51436 /* Build configuration list for PBXProject "Projekt-grupp4" */ = {
			isa = XCConfigurationList;
			buildConfigurations = (
				3524E7141AE1188E00D51436 /* Debug */,
				3524E7151AE1188E00D51436 /* Release */,
			);
			defaultConfigurationIsVisible = 0;
			defaultConfigurationName = Release;
		};
		3524E7161AE1188E00D51436 /* Build configuration list for PBXNativeTarget "Projekt-grupp4" */ = {
			isa = XCConfigurationList;
			buildConfigurations = (
				3524E7171AE1188E00D51436 /* Debug */,
				3524E7181AE1188E00D51436 /* Release */,
			);
			defaultConfigurationIsVisible = 0;
			defaultConfigurationName = Release;
		};
/* End XCConfigurationList section */
	};
	rootObject = 3524E7071AE1188E00D51436 /* Project object */;
}
